{
  "name": "renku-ui-root",
  "lockfileVersion": 3,
  "requires": true,
  "packages": {
    "": {
      "name": "renku-ui-root",
      "devDependencies": {
        "husky": "^8.0.0"
      }
    },
    "node_modules/husky": {
      "version": "8.0.3",
      "dev": true,
      "license": "MIT",
      "bin": {
        "husky": "lib/bin.js"
      },
      "engines": {
        "node": ">=14"
      },
      "funding": {
        "url": "https://github.com/sponsors/typicode"
      }
    }
  }
}
